
Microsoft Visual Studio Solution File, Format Version 12.00
# Visual Studio Version 16
VisualStudioVersion = 16.0.30114.105
MinimumVisualStudioVersion = 10.0.40219.1
Project("{FAE04EC0-301F-11D3-BF4B-00C04F79EFBC}") = "TicketService", "TicketService\TicketService.csproj", "{237FD512-482E-4885-A888-34441A3F472C}"
EndProject
Project("{FAE04EC0-301F-11D3-BF4B-00C04F79EFBC}") = "TicketService.Tests", "TicketService.Tests\TicketService.Tests.csproj", "{B6A8F4A7-F6D5-4EA5-A2B6-709CBB043CCF}"
EndProject
Global
	GlobalSection(SolutionConfigurationPlatforms) = preSolution
		Debug|Any CPU = Debug|Any CPU
		Release|Any CPU = Release|Any CPU
	EndGlobalSection
	GlobalSection(SolutionProperties) = preSolution
		HideSolutionNode = FALSE
	EndGlobalSection
	GlobalSection(ProjectConfigurationPlatforms) = postSolution
		{237FD512-482E-4885-A888-34441A3F472C}.Debug|Any CPU.ActiveCfg = Debug|Any CPU
		{237FD512-482E-4885-A888-34441A3F472C}.Debug|Any CPU.Build.0 = Debug|Any CPU
		{237FD512-482E-4885-A888-34441A3F472C}.Release|Any CPU.ActiveCfg = Release|Any CPU
		{237FD512-482E-4885-A888-34441A3F472C}.Release|Any CPU.Build.0 = Release|Any CPU
		{B6A8F4A7-F6D5-4EA5-A2B6-709CBB043CCF}.Debug|Any CPU.ActiveCfg = Debug|Any CPU
		{B6A8F4A7-F6D5-4EA5-A2B6-709CBB043CCF}.Debug|Any CPU.Build.0 = Debug|Any CPU
		{B6A8F4A7-F6D5-4EA5-A2B6-709CBB043CCF}.Release|Any CPU.ActiveCfg = Release|Any CPU
		{B6A8F4A7-F6D5-4EA5-A2B6-709CBB043CCF}.Release|Any CPU.Build.0 = Release|Any CPU
	EndGlobalSection
EndGlobal
